
Microsoft Visual Studio Solution File, Format Version 12.00
# Visual Studio Version 17
VisualStudioVersion = 17.7.34018.315
MinimumVisualStudioVersion = 10.0.40219.1
Project("{8BC9CEB8-8B4A-11D0-8D11-00A0C91BC942}") = "MT3_02_07", "MT3_02_07.vcxproj", "{CB94AED4-2294-468A-B757-463D19B26251}"
EndProject
Global
	GlobalSection(SolutionConfigurationPlatforms) = preSolution
		Debug|x64 = Debug|x64
		Release|x64 = Release|x64
	EndGlobalSection
	GlobalSection(ProjectConfigurationPlatforms) = postSolution
		{CB94AED4-2294-468A-B757-463D19B26251}.Debug|x64.ActiveCfg = Debug|x64
		{CB94AED4-2294-468A-B757-463D19B26251}.Debug|x64.Build.0 = Debug|x64
		{CB94AED4-2294-468A-B757-463D19B26251}.Release|x64.ActiveCfg = Release|x64
		{CB94AED4-2294-468A-B757-463D19B26251}.Release|x64.Build.0 = Release|x64
	EndGlobalSection
	GlobalSection(SolutionProperties) = preSolution
		HideSolutionNode = FALSE
	EndGlobalSection
	GlobalSection(ExtensibilityGlobals) = postSolution
		SolutionGuid = {51D68B5D-0748-4475-B045-39CB6BB93214}
	EndGlobalSection
EndGlobal
